// !$*UTF8*$!
{
	archiveVersion = 1;
	classes = {
	};
	objectVersion = 46;
	objects = {

/* Begin PBXBuildFile section */
		08162FC41CF5F613000A5F41 /* Ev.h in Headers */ = {isa = PBXBuildFile; fileRef = 08162FC31CF5F613000A5F41 /* Ev.h */; settings = {ATTRIBUTES = (Public, ); }; };
		08162FCC1CF5F624000A5F41 /* libev.a in Frameworks */ = {isa = PBXBuildFile; fileRef = 08162FCB1CF5F624000A5F41 /* libev.a */; };
		08162FD01CF5F639000A5F41 /* ev.h in Headers */ = {isa = PBXBuildFile; fileRef = 08162FCF1CF5F639000A5F41 /* ev.h */; settings = {ATTRIBUTES = (Public, ); }; };
		08162FD21CF5F68D000A5F41 /* EventCenter.swift in Sources */ = {isa = PBXBuildFile; fileRef = 08162FD11CF5F68D000A5F41 /* EventCenter.swift */; };
		08162FD51CF5F73E000A5F41 /* TC.c in Sources */ = {isa = PBXBuildFile; fileRef = 08162FD31CF5F73E000A5F41 /* TC.c */; };
		08162FD61CF5F73E000A5F41 /* TC.h in Headers */ = {isa = PBXBuildFile; fileRef = 08162FD41CF5F73E000A5F41 /* TC.h */; settings = {ATTRIBUTES = (Public, ); }; };
		089BD8B21CFABB5800C90147 /* AppDelegate.swift in Sources */ = {isa = PBXBuildFile; fileRef = 089BD8B11CFABB5800C90147 /* AppDelegate.swift */; };
		089BD8B41CFABB5800C90147 /* Assets.xcassets in Resources */ = {isa = PBXBuildFile; fileRef = 089BD8B31CFABB5800C90147 /* Assets.xcassets */; };
		089BD8B71CFABB5800C90147 /* MainMenu.xib in Resources */ = {isa = PBXBuildFile; fileRef = 089BD8B51CFABB5800C90147 /* MainMenu.xib */; };
		089BD8BC1CFABB8300C90147 /* Ev.framework in Frameworks */ = {isa = PBXBuildFile; fileRef = 08162FC01CF5F613000A5F41 /* Ev.framework */; };
		089BD8BD1CFABB8300C90147 /* Ev.framework in Embed Frameworks */ = {isa = PBXBuildFile; fileRef = 08162FC01CF5F613000A5F41 /* Ev.framework */; settings = {ATTRIBUTES = (CodeSignOnCopy, RemoveHeadersOnCopy, ); }; };
		089BD8C31CFAC3C800C90147 /* Test2.c in Sources */ = {isa = PBXBuildFile; fileRef = 089BD8C11CFAC3C800C90147 /* Test2.c */; };
		089BD8C41CFAC3C800C90147 /* Test2.h in Headers */ = {isa = PBXBuildFile; fileRef = 089BD8C21CFAC3C800C90147 /* Test2.h */; };
		77E282F01CF6012B00B44EE4 /* main.swift in Sources */ = {isa = PBXBuildFile; fileRef = 77E282EF1CF6012B00B44EE4 /* main.swift */; };
		77E282F41CF601A400B44EE4 /* Ev.framework in Frameworks */ = {isa = PBXBuildFile; fileRef = 08162FC01CF5F613000A5F41 /* Ev.framework */; };
/* End PBXBuildFile section */

/* Begin PBXContainerItemProxy section */
		089BD8BE1CFABB8300C90147 /* PBXContainerItemProxy */ = {
			isa = PBXContainerItemProxy;
			containerPortal = 08162FB71CF5F613000A5F41 /* Project object */;
			proxyType = 1;
			remoteGlobalIDString = 08162FBF1CF5F613000A5F41;
			remoteInfo = Ev;
		};
/* End PBXContainerItemProxy section */

/* Begin PBXCopyFilesBuildPhase section */
		089BD8C01CFABB8300C90147 /* Embed Frameworks */ = {
			isa = PBXCopyFilesBuildPhase;
			buildActionMask = 2147483647;
			dstPath = "";
			dstSubfolderSpec = 10;
			files = (
				089BD8BD1CFABB8300C90147 /* Ev.framework in Embed Frameworks */,
			);
			name = "Embed Frameworks";
			runOnlyForDeploymentPostprocessing = 0;
		};
		77E282EB1CF6012B00B44EE4 /* CopyFiles */ = {
			isa = PBXCopyFilesBuildPhase;
			buildActionMask = 2147483647;
			dstPath = /usr/share/man/man1/;
			dstSubfolderSpec = 0;
			files = (
			);
			runOnlyForDeploymentPostprocessing = 1;
		};
/* End PBXCopyFilesBuildPhase section */

/* Begin PBXFileReference section */
		08162FC01CF5F613000A5F41 /* Ev.framework */ = {isa = PBXFileReference; explicitFileType = wrapper.framework; includeInIndex = 0; path = Ev.framework; sourceTree = BUILT_PRODUCTS_DIR; };
		08162FC31CF5F613000A5F41 /* Ev.h */ = {isa = PBXFileReference; lastKnownFileType = sourcecode.c.h; path = Ev.h; sourceTree = "<group>"; };
		08162FC51CF5F613000A5F41 /* Info.plist */ = {isa = PBXFileReference; lastKnownFileType = text.plist.xml; path = Info.plist; sourceTree = "<group>"; };
		08162FCB1CF5F624000A5F41 /* libev.a */ = {isa = PBXFileReference; lastKnownFileType = archive.ar; path = libev.a; sourceTree = "<group>"; };
		08162FCF1CF5F639000A5F41 /* ev.h */ = {isa = PBXFileReference; fileEncoding = 4; lastKnownFileType = sourcecode.c.h; path = ev.h; sourceTree = "<group>"; };
		08162FD11CF5F68D000A5F41 /* EventCenter.swift */ = {isa = PBXFileReference; fileEncoding = 4; lastKnownFileType = sourcecode.swift; path = EventCenter.swift; sourceTree = "<group>"; };
		08162FD31CF5F73E000A5F41 /* TC.c */ = {isa = PBXFileReference; fileEncoding = 4; lastKnownFileType = sourcecode.c.c; path = TC.c; sourceTree = "<group>"; };
		08162FD41CF5F73E000A5F41 /* TC.h */ = {isa = PBXFileReference; fileEncoding = 4; lastKnownFileType = sourcecode.c.h; path = TC.h; sourceTree = "<group>"; };
		089BD8AF1CFABB5800C90147 /* EvMacDemo.app */ = {isa = PBXFileReference; explicitFileType = wrapper.application; includeInIndex = 0; path = EvMacDemo.app; sourceTree = BUILT_PRODUCTS_DIR; };
		089BD8B11CFABB5800C90147 /* AppDelegate.swift */ = {isa = PBXFileReference; lastKnownFileType = sourcecode.swift; path = AppDelegate.swift; sourceTree = "<group>"; };
		089BD8B31CFABB5800C90147 /* Assets.xcassets */ = {isa = PBXFileReference; lastKnownFileType = folder.assetcatalog; path = Assets.xcassets; sourceTree = "<group>"; };
		089BD8B61CFABB5800C90147 /* Base */ = {isa = PBXFileReference; lastKnownFileType = file.xib; name = Base; path = Base.lproj/MainMenu.xib; sourceTree = "<group>"; };
		089BD8B81CFABB5800C90147 /* Info.plist */ = {isa = PBXFileReference; lastKnownFileType = text.plist.xml; path = Info.plist; sourceTree = "<group>"; };
		089BD8C11CFAC3C800C90147 /* Test2.c */ = {isa = PBXFileReference; fileEncoding = 4; lastKnownFileType = sourcecode.c.c; path = Test2.c; sourceTree = "<group>"; };
		089BD8C21CFAC3C800C90147 /* Test2.h */ = {isa = PBXFileReference; fileEncoding = 4; lastKnownFileType = sourcecode.c.h; path = Test2.h; sourceTree = "<group>"; };
		77E282ED1CF6012B00B44EE4 /* EvDemo */ = {isa = PBXFileReference; explicitFileType = "compiled.mach-o.executable"; includeInIndex = 0; path = EvDemo; sourceTree = BUILT_PRODUCTS_DIR; };
		77E282EF1CF6012B00B44EE4 /* main.swift */ = {isa = PBXFileReference; lastKnownFileType = sourcecode.swift; path = main.swift; sourceTree = "<group>"; };
/* End PBXFileReference section */

/* Begin PBXFrameworksBuildPhase section */
		08162FBC1CF5F613000A5F41 /* Frameworks */ = {
			isa = PBXFrameworksBuildPhase;
			buildActionMask = 2147483647;
			files = (
				08162FCC1CF5F624000A5F41 /* libev.a in Frameworks */,
			);
			runOnlyForDeploymentPostprocessing = 0;
		};
		089BD8AC1CFABB5800C90147 /* Frameworks */ = {
			isa = PBXFrameworksBuildPhase;
			buildActionMask = 2147483647;
			files = (
				089BD8BC1CFABB8300C90147 /* Ev.framework in Frameworks */,
			);
			runOnlyForDeploymentPostprocessing = 0;
		};
		77E282EA1CF6012B00B44EE4 /* Frameworks */ = {
			isa = PBXFrameworksBuildPhase;
			buildActionMask = 2147483647;
			files = (
				77E282F41CF601A400B44EE4 /* Ev.framework in Frameworks */,
			);
			runOnlyForDeploymentPostprocessing = 0;
		};
/* End PBXFrameworksBuildPhase section */

/* Begin PBXGroup section */
		08162FB61CF5F613000A5F41 = {
			isa = PBXGroup;
			children = (
				089BD8C11CFAC3C800C90147 /* Test2.c */,
				089BD8C21CFAC3C800C90147 /* Test2.h */,
				08162FD31CF5F73E000A5F41 /* TC.c */,
				08162FD41CF5F73E000A5F41 /* TC.h */,
				08162FD11CF5F68D000A5F41 /* EventCenter.swift */,
				08162FCF1CF5F639000A5F41 /* ev.h */,
				08162FCB1CF5F624000A5F41 /* libev.a */,
				08162FC21CF5F613000A5F41 /* Ev */,
				77E282EE1CF6012B00B44EE4 /* EvDemo */,
				089BD8B01CFABB5800C90147 /* EvMacDemo */,
				08162FC11CF5F613000A5F41 /* Products */,
			);
			sourceTree = "<group>";
		};
		08162FC11CF5F613000A5F41 /* Products */ = {
			isa = PBXGroup;
			children = (
				08162FC01CF5F613000A5F41 /* Ev.framework */,
				77E282ED1CF6012B00B44EE4 /* EvDemo */,
				089BD8AF1CFABB5800C90147 /* EvMacDemo.app */,
			);
			name = Products;
			sourceTree = "<group>";
		};
		08162FC21CF5F613000A5F41 /* Ev */ = {
			isa = PBXGroup;
			children = (
				08162FC31CF5F613000A5F41 /* Ev.h */,
				08162FC51CF5F613000A5F41 /* Info.plist */,
			);
			path = Ev;
			sourceTree = "<group>";
		};
		089BD8B01CFABB5800C90147 /* EvMacDemo */ = {
			isa = PBXGroup;
			children = (
				089BD8B11CFABB5800C90147 /* AppDelegate.swift */,
				089BD8B31CFABB5800C90147 /* Assets.xcassets */,
				089BD8B51CFABB5800C90147 /* MainMenu.xib */,
				089BD8B81CFABB5800C90147 /* Info.plist */,
			);
			path = EvMacDemo;
			sourceTree = "<group>";
		};
		77E282EE1CF6012B00B44EE4 /* EvDemo */ = {
			isa = PBXGroup;
			children = (
				77E282EF1CF6012B00B44EE4 /* main.swift */,
			);
			path = EvDemo;
			sourceTree = "<group>";
		};
/* End PBXGroup section */

/* Begin PBXHeadersBuildPhase section */
		08162FBD1CF5F613000A5F41 /* Headers */ = {
			isa = PBXHeadersBuildPhase;
			buildActionMask = 2147483647;
			files = (
				08162FD01CF5F639000A5F41 /* ev.h in Headers */,
				08162FD61CF5F73E000A5F41 /* TC.h in Headers */,
				08162FC41CF5F613000A5F41 /* Ev.h in Headers */,
				089BD8C41CFAC3C800C90147 /* Test2.h in Headers */,
			);
			runOnlyForDeploymentPostprocessing = 0;
		};
/* End PBXHeadersBuildPhase section */

/* Begin PBXNativeTarget section */
		08162FBF1CF5F613000A5F41 /* Ev */ = {
			isa = PBXNativeTarget;
			buildConfigurationList = 08162FC81CF5F613000A5F41 /* Build configuration list for PBXNativeTarget "Ev" */;
			buildPhases = (
				08162FBB1CF5F613000A5F41 /* Sources */,
				08162FBC1CF5F613000A5F41 /* Frameworks */,
				08162FBD1CF5F613000A5F41 /* Headers */,
				08162FBE1CF5F613000A5F41 /* Resources */,
			);
			buildRules = (
			);
			dependencies = (
			);
			name = Ev;
			productName = Ev;
			productReference = 08162FC01CF5F613000A5F41 /* Ev.framework */;
			productType = "com.apple.product-type.framework";
		};
		089BD8AE1CFABB5800C90147 /* EvMacDemo */ = {
			isa = PBXNativeTarget;
			buildConfigurationList = 089BD8BB1CFABB5800C90147 /* Build configuration list for PBXNativeTarget "EvMacDemo" */;
			buildPhases = (
				089BD8AB1CFABB5800C90147 /* Sources */,
				089BD8AC1CFABB5800C90147 /* Frameworks */,
				089BD8AD1CFABB5800C90147 /* Resources */,
				089BD8C01CFABB8300C90147 /* Embed Frameworks */,
			);
			buildRules = (
			);
			dependencies = (
				089BD8BF1CFABB8300C90147 /* PBXTargetDependency */,
			);
			name = EvMacDemo;
			productName = EvMacDemo;
			productReference = 089BD8AF1CFABB5800C90147 /* EvMacDemo.app */;
			productType = "com.apple.product-type.application";
		};
		77E282EC1CF6012B00B44EE4 /* EvDemo */ = {
			isa = PBXNativeTarget;
			buildConfigurationList = 77E282F31CF6012B00B44EE4 /* Build configuration list for PBXNativeTarget "EvDemo" */;
			buildPhases = (
				77E282E91CF6012B00B44EE4 /* Sources */,
				77E282EA1CF6012B00B44EE4 /* Frameworks */,
				77E282EB1CF6012B00B44EE4 /* CopyFiles */,
			);
			buildRules = (
			);
			dependencies = (
			);
			name = EvDemo;
			productName = EvDemo;
			productReference = 77E282ED1CF6012B00B44EE4 /* EvDemo */;
			productType = "com.apple.product-type.tool";
		};
/* End PBXNativeTarget section */

/* Begin PBXProject section */
		08162FB71CF5F613000A5F41 /* Project object */ = {
			isa = PBXProject;
			attributes = {
				LastSwiftUpdateCheck = 0730;
				LastUpgradeCheck = 0710;
				ORGANIZATIONNAME = "王青海";
				TargetAttributes = {
					08162FBF1CF5F613000A5F41 = {
						CreatedOnToolsVersion = 7.1.1;
					};
					089BD8AE1CFABB5800C90147 = {
						CreatedOnToolsVersion = 7.3.1;
					};
					77E282EC1CF6012B00B44EE4 = {
						CreatedOnToolsVersion = 7.3;
					};
				};
			};
			buildConfigurationList = 08162FBA1CF5F613000A5F41 /* Build configuration list for PBXProject "Ev" */;
			compatibilityVersion = "Xcode 3.2";
			developmentRegion = English;
			hasScannedForEncodings = 0;
			knownRegions = (
				en,
				Base,
			);
			mainGroup = 08162FB61CF5F613000A5F41;
			productRefGroup = 08162FC11CF5F613000A5F41 /* Products */;
			projectDirPath = "";
			projectRoot = "";
			targets = (
				08162FBF1CF5F613000A5F41 /* Ev */,
				77E282EC1CF6012B00B44EE4 /* EvDemo */,
				089BD8AE1CFABB5800C90147 /* EvMacDemo */,
			);
		};
/* End PBXProject section */

/* Begin PBXResourcesBuildPhase section */
		08162FBE1CF5F613000A5F41 /* Resources */ = {
			isa = PBXResourcesBuildPhase;
			buildActionMask = 2147483647;
			files = (
			);
			runOnlyForDeploymentPostprocessing = 0;
		};
		089BD8AD1CFABB5800C90147 /* Resources */ = {
			isa = PBXResourcesBuildPhase;
			buildActionMask = 2147483647;
			files = (
				089BD8B41CFABB5800C90147 /* Assets.xcassets in Resources */,
				089BD8B71CFABB5800C90147 /* MainMenu.xib in Resources */,
			);
			runOnlyForDeploymentPostprocessing = 0;
		};
/* End PBXResourcesBuildPhase section */

/* Begin PBXSourcesBuildPhase section */
		08162FBB1CF5F613000A5F41 /* Sources */ = {
			isa = PBXSourcesBuildPhase;
			buildActionMask = 2147483647;
			files = (
				089BD8C31CFAC3C800C90147 /* Test2.c in Sources */,
				08162FD51CF5F73E000A5F41 /* TC.c in Sources */,
				08162FD21CF5F68D000A5F41 /* EventCenter.swift in Sources */,
			);
			runOnlyForDeploymentPostprocessing = 0;
		};
		089BD8AB1CFABB5800C90147 /* Sources */ = {
			isa = PBXSourcesBuildPhase;
			buildActionMask = 2147483647;
			files = (
				089BD8B21CFABB5800C90147 /* AppDelegate.swift in Sources */,
			);
			runOnlyForDeploymentPostprocessing = 0;
		};
		77E282E91CF6012B00B44EE4 /* Sources */ = {
			isa = PBXSourcesBuildPhase;
			buildActionMask = 2147483647;
			files = (
				77E282F01CF6012B00B44EE4 /* main.swift in Sources */,
			);
			runOnlyForDeploymentPostprocessing = 0;
		};
/* End PBXSourcesBuildPhase section */

/* Begin PBXTargetDependency section */
		089BD8BF1CFABB8300C90147 /* PBXTargetDependency */ = {
			isa = PBXTargetDependency;
			target = 08162FBF1CF5F613000A5F41 /* Ev */;
			targetProxy = 089BD8BE1CFABB8300C90147 /* PBXContainerItemProxy */;
		};
/* End PBXTargetDependency section */

/* Begin PBXVariantGroup section */
		089BD8B51CFABB5800C90147 /* MainMenu.xib */ = {
			isa = PBXVariantGroup;
			children = (
				089BD8B61CFABB5800C90147 /* Base */,
			);
			name = MainMenu.xib;
			sourceTree = "<group>";
		};
/* End PBXVariantGroup section */

/* Begin XCBuildConfiguration section */
		08162FC61CF5F613000A5F41 /* Debug */ = {
			isa = XCBuildConfiguration;
			buildSettings = {
				ALWAYS_SEARCH_USER_PATHS = NO;
				CLANG_CXX_LANGUAGE_STANDARD = "gnu++0x";
				CLANG_CXX_LIBRARY = "libc++";
				CLANG_ENABLE_MODULES = YES;
				CLANG_ENABLE_OBJC_ARC = YES;
				CLANG_WARN_BOOL_CONVERSION = YES;
				CLANG_WARN_CONSTANT_CONVERSION = YES;
				CLANG_WARN_DIRECT_OBJC_ISA_USAGE = YES_ERROR;
				CLANG_WARN_EMPTY_BODY = YES;
				CLANG_WARN_ENUM_CONVERSION = YES;
				CLANG_WARN_INT_CONVERSION = YES;
				CLANG_WARN_OBJC_ROOT_CLASS = YES_ERROR;
				CLANG_WARN_UNREACHABLE_CODE = YES;
				CLANG_WARN__DUPLICATE_METHOD_MATCH = YES;
				CODE_SIGN_IDENTITY = "-";
				COPY_PHASE_STRIP = NO;
				CURRENT_PROJECT_VERSION = 1;
				DEBUG_INFORMATION_FORMAT = dwarf;
				ENABLE_STRICT_OBJC_MSGSEND = YES;
				ENABLE_TESTABILITY = YES;
				GCC_C_LANGUAGE_STANDARD = gnu99;
				GCC_DYNAMIC_NO_PIC = NO;
				GCC_NO_COMMON_BLOCKS = YES;
				GCC_OPTIMIZATION_LEVEL = 0;
				GCC_PREPROCESSOR_DEFINITIONS = (
					"DEBUG=1",
					"$(inherited)",
				);
				GCC_WARN_64_TO_32_BIT_CONVERSION = YES;
				GCC_WARN_ABOUT_RETURN_TYPE = YES_ERROR;
				GCC_WARN_UNDECLARED_SELECTOR = YES;
				GCC_WARN_UNINITIALIZED_AUTOS = YES_AGGRESSIVE;
				GCC_WARN_UNUSED_FUNCTION = YES;
				GCC_WARN_UNUSED_VARIABLE = YES;
				MACOSX_DEPLOYMENT_TARGET = 10.11;
				MTL_ENABLE_DEBUG_INFO = YES;
				ONLY_ACTIVE_ARCH = YES;
				SDKROOT = macosx;
				SWIFT_OPTIMIZATION_LEVEL = "-Onone";
				VERSIONING_SYSTEM = "apple-generic";
				VERSION_INFO_PREFIX = "";
			};
			name = Debug;
		};
		08162FC71CF5F613000A5F41 /* Release */ = {
			isa = XCBuildConfiguration;
			buildSettings = {
				ALWAYS_SEARCH_USER_PATHS = NO;
				CLANG_CXX_LANGUAGE_STANDARD = "gnu++0x";
				CLANG_CXX_LIBRARY = "libc++";
				CLANG_ENABLE_MODULES = YES;
				CLANG_ENABLE_OBJC_ARC = YES;
				CLANG_WARN_BOOL_CONVERSION = YES;
				CLANG_WARN_CONSTANT_CONVERSION = YES;
				CLANG_WARN_DIRECT_OBJC_ISA_USAGE = YES_ERROR;
				CLANG_WARN_EMPTY_BODY = YES;
				CLANG_WARN_ENUM_CONVERSION = YES;
				CLANG_WARN_INT_CONVERSION = YES;
				CLANG_WARN_OBJC_ROOT_CLASS = YES_ERROR;
				CLANG_WARN_UNREACHABLE_CODE = YES;
				CLANG_WARN__DUPLICATE_METHOD_MATCH = YES;
				CODE_SIGN_IDENTITY = "-";
				COPY_PHASE_STRIP = NO;
				CURRENT_PROJECT_VERSION = 1;
				DEBUG_INFORMATION_FORMAT = "dwarf-with-dsym";
				ENABLE_NS_ASSERTIONS = NO;
				ENABLE_STRICT_OBJC_MSGSEND = YES;
				GCC_C_LANGUAGE_STANDARD = gnu99;
				GCC_NO_COMMON_BLOCKS = YES;
				GCC_WARN_64_TO_32_BIT_CONVERSION = YES;
				GCC_WARN_ABOUT_RETURN_TYPE = YES_ERROR;
				GCC_WARN_UNDECLARED_SELECTOR = YES;
				GCC_WARN_UNINITIALIZED_AUTOS = YES_AGGRESSIVE;
				GCC_WARN_UNUSED_FUNCTION = YES;
				GCC_WARN_UNUSED_VARIABLE = YES;
				MACOSX_DEPLOYMENT_TARGET = 10.11;
				MTL_ENABLE_DEBUG_INFO = NO;
				SDKROOT = macosx;
				VERSIONING_SYSTEM = "apple-generic";
				VERSION_INFO_PREFIX = "";
			};
			name = Release;
		};
		08162FC91CF5F613000A5F41 /* Debug */ = {
			isa = XCBuildConfiguration;
			buildSettings = {
				CLANG_ENABLE_MODULES = YES;
				COMBINE_HIDPI_IMAGES = YES;
				DEFINES_MODULE = YES;
				DYLIB_COMPATIBILITY_VERSION = 1;
				DYLIB_CURRENT_VERSION = 1;
				DYLIB_INSTALL_NAME_BASE = "@rpath";
				FRAMEWORK_VERSION = A;
				INFOPLIST_FILE = Ev/Info.plist;
				INSTALL_PATH = "$(LOCAL_LIBRARY_DIR)/Frameworks";
				LD_RUNPATH_SEARCH_PATHS = "$(inherited) @executable_path/../Frameworks @loader_path/Frameworks";
				LIBRARY_SEARCH_PATHS = (
					"$(inherited)",
					"$(PROJECT_DIR)",
				);
				PRODUCT_BUNDLE_IDENTIFIER = "com.yuanqing.-.Ev";
				PRODUCT_NAME = "$(TARGET_NAME)";
				SKIP_INSTALL = YES;
				SWIFT_OPTIMIZATION_LEVEL = "-Onone";
			};
			name = Debug;
		};
		08162FCA1CF5F613000A5F41 /* Release */ = {
			isa = XCBuildConfiguration;
			buildSettings = {
				CLANG_ENABLE_MODULES = YES;
				COMBINE_HIDPI_IMAGES = YES;
				DEFINES_MODULE = YES;
				DYLIB_COMPATIBILITY_VERSION = 1;
				DYLIB_CURRENT_VERSION = 1;
				DYLIB_INSTALL_NAME_BASE = "@rpath";
				FRAMEWORK_VERSION = A;
				INFOPLIST_FILE = Ev/Info.plist;
				INSTALL_PATH = "$(LOCAL_LIBRARY_DIR)/Frameworks";
				LD_RUNPATH_SEARCH_PATHS = "$(inherited) @executable_path/../Frameworks @loader_path/Frameworks";
				LIBRARY_SEARCH_PATHS = (
					"$(inherited)",
					"$(PROJECT_DIR)",
				);
				PRODUCT_BUNDLE_IDENTIFIER = "com.yuanqing.-.Ev";
				PRODUCT_NAME = "$(TARGET_NAME)";
				SKIP_INSTALL = YES;
			};
			name = Release;
		};
		089BD8B91CFABB5800C90147 /* Debug */ = {
			isa = XCBuildConfiguration;
			buildSettings = {
				ASSETCATALOG_COMPILER_APPICON_NAME = AppIcon;
				CLANG_ANALYZER_NONNULL = YES;
				COMBINE_HIDPI_IMAGES = YES;
				EMBEDDED_CONTENT_CONTAINS_SWIFT = YES;
				INFOPLIST_FILE = EvMacDemo/Info.plist;
				LD_RUNPATH_SEARCH_PATHS = "$(inherited) @executable_path/../Frameworks";
				PRODUCT_BUNDLE_IDENTIFIER = "com.yuanqing.-.EvMacDemo";
				PRODUCT_NAME = "$(TARGET_NAME)";
			};
			name = Debug;
		};
		089BD8BA1CFABB5800C90147 /* Release */ = {
			isa = XCBuildConfiguration;
			buildSettings = {
				ASSETCATALOG_COMPILER_APPICON_NAME = AppIcon;
				CLANG_ANALYZER_NONNULL = YES;
				COMBINE_HIDPI_IMAGES = YES;
				EMBEDDED_CONTENT_CONTAINS_SWIFT = YES;
				INFOPLIST_FILE = EvMacDemo/Info.plist;
				LD_RUNPATH_SEARCH_PATHS = "$(inherited) @executable_path/../Frameworks";
				PRODUCT_BUNDLE_IDENTIFIER = "com.yuanqing.-.EvMacDemo";
				PRODUCT_NAME = "$(TARGET_NAME)";
			};
			name = Release;
		};
		77E282F11CF6012B00B44EE4 /* Debug */ = {
			isa = XCBuildConfiguration;
			buildSettings = {
				CLANG_ANALYZER_NONNULL = YES;
				PRODUCT_NAME = "$(TARGET_NAME)";
			};
			name = Debug;
		};
		77E282F21CF6012B00B44EE4 /* Release */ = {
			isa = XCBuildConfiguration;
			buildSettings = {
				CLANG_ANALYZER_NONNULL = YES;
				PRODUCT_NAME = "$(TARGET_NAME)";
			};
			name = Release;
		};
/* End XCBuildConfiguration section */

/* Begin XCConfigurationList section */
		08162FBA1CF5F613000A5F41 /* Build configuration list for PBXProject "Ev" */ = {
			isa = XCConfigurationList;
			buildConfigurations = (
				08162FC61CF5F613000A5F41 /* Debug */,
				08162FC71CF5F613000A5F41 /* Release */,
			);
			defaultConfigurationIsVisible = 0;
			defaultConfigurationName = Release;
		};
		08162FC81CF5F613000A5F41 /* Build configuration list for PBXNativeTarget "Ev" */ = {
			isa = XCConfigurationList;
			buildConfigurations = (
				08162FC91CF5F613000A5F41 /* Debug */,
				08162FCA1CF5F613000A5F41 /* Release */,
			);
			defaultConfigurationIsVisible = 0;
			defaultConfigurationName = Release;
		};
		089BD8BB1CFABB5800C90147 /* Build configuration list for PBXNativeTarget "EvMacDemo" */ = {
			isa = XCConfigurationList;
			buildConfigurations = (
				089BD8B91CFABB5800C90147 /* Debug */,
				089BD8BA1CFABB5800C90147 /* Release */,
			);
			defaultConfigurationIsVisible = 0;
		};
		77E282F31CF6012B00B44EE4 /* Build configuration list for PBXNativeTarget "EvDemo" */ = {
			isa = XCConfigurationList;
			buildConfigurations = (
				77E282F11CF6012B00B44EE4 /* Debug */,
				77E282F21CF6012B00B44EE4 /* Release */,
			);
			defaultConfigurationIsVisible = 0;
			defaultConfigurationName = Release;
		};
/* End XCConfigurationList section */
	};
	rootObject = 08162FB71CF5F613000A5F41 /* Project object */;
}
