// !$*UTF8*$!
{
	archiveVersion = 1;
	classes = {
	};
	objectVersion = 46;
	objects = {

/* Begin PBXBuildFile section */
		77CF95431D585C44009B5817 /* main.m in Sources */ = {isa = PBXBuildFile; fileRef = 77CF95421D585C44009B5817 /* main.m */; };
		77CF95461D585C44009B5817 /* AppDelegate.m in Sources */ = {isa = PBXBuildFile; fileRef = 77CF95451D585C44009B5817 /* AppDelegate.m */; };
		77CF95491D585C44009B5817 /* ViewController.m in Sources */ = {isa = PBXBuildFile; fileRef = 77CF95481D585C44009B5817 /* ViewController.m */; };
		77CF954C1D585C44009B5817 /* Main.storyboard in Resources */ = {isa = PBXBuildFile; fileRef = 77CF954A1D585C44009B5817 /* Main.storyboard */; };
		77CF954E1D585C44009B5817 /* Assets.xcassets in Resources */ = {isa = PBXBuildFile; fileRef = 77CF954D1D585C44009B5817 /* Assets.xcassets */; };
		77CF95511D585C44009B5817 /* LaunchScreen.storyboard in Resources */ = {isa = PBXBuildFile; fileRef = 77CF954F1D585C44009B5817 /* LaunchScreen.storyboard */; };
/* End PBXBuildFile section */

/* Begin PBXFileReference section */
		77CF953E1D585C44009B5817 /* TestOCiOS.app */ = {isa = PBXFileReference; explicitFileType = wrapper.application; includeInIndex = 0; path = TestOCiOS.app; sourceTree = BUILT_PRODUCTS_DIR; };
		77CF95421D585C44009B5817 /* main.m */ = {isa = PBXFileReference; lastKnownFileType = sourcecode.c.objc; path = main.m; sourceTree = "<group>"; };
		77CF95441D585C44009B5817 /* AppDelegate.h */ = {isa = PBXFileReference; lastKnownFileType = sourcecode.c.h; path = AppDelegate.h; sourceTree = "<group>"; };
		77CF95451D585C44009B5817 /* AppDelegate.m */ = {isa = PBXFileReference; lastKnownFileType = sourcecode.c.objc; path = AppDelegate.m; sourceTree = "<group>"; };
		77CF95471D585C44009B5817 /* ViewController.h */ = {isa = PBXFileReference; lastKnownFileType = sourcecode.c.h; path = ViewController.h; sourceTree = "<group>"; };
		77CF95481D585C44009B5817 /* ViewController.m */ = {isa = PBXFileReference; lastKnownFileType = sourcecode.c.objc; path = ViewController.m; sourceTree = "<group>"; };
		77CF954B1D585C44009B5817 /* Base */ = {isa = PBXFileReference; lastKnownFileType = file.storyboard; name = Base; path = Base.lproj/Main.storyboard; sourceTree = "<group>"; };
		77CF954D1D585C44009B5817 /* Assets.xcassets */ = {isa = PBXFileReference; lastKnownFileType = folder.assetcatalog; path = Assets.xcassets; sourceTree = "<group>"; };
		77CF95501D585C44009B5817 /* Base */ = {isa = PBXFileReference; lastKnownFileType = file.storyboard; name = Base; path = Base.lproj/LaunchScreen.storyboard; sourceTree = "<group>"; };
		77CF95521D585C44009B5817 /* Info.plist */ = {isa = PBXFileReference; lastKnownFileType = text.plist.xml; path = Info.plist; sourceTree = "<group>"; };
/* End PBXFileReference section */

/* Begin PBXFrameworksBuildPhase section */
		77CF953B1D585C44009B5817 /* Frameworks */ = {
			isa = PBXFrameworksBuildPhase;
			buildActionMask = 2147483647;
			files = (
			);
			runOnlyForDeploymentPostprocessing = 0;
		};
/* End PBXFrameworksBuildPhase section */

/* Begin PBXGroup section */
		77CF95351D585C44009B5817 = {
			isa = PBXGroup;
			children = (
				77CF95401D585C44009B5817 /* TestOCiOS */,
				77CF953F1D585C44009B5817 /* Products */,
			);
			sourceTree = "<group>";
		};
		77CF953F1D585C44009B5817 /* Products */ = {
			isa = PBXGroup;
			children = (
				77CF953E1D585C44009B5817 /* TestOCiOS.app */,
			);
			name = Products;
			sourceTree = "<group>";
		};
		77CF95401D585C44009B5817 /* TestOCiOS */ = {
			isa = PBXGroup;
			children = (
				77CF95441D585C44009B5817 /* AppDelegate.h */,
				77CF95451D585C44009B5817 /* AppDelegate.m */,
				77CF95471D585C44009B5817 /* ViewController.h */,
				77CF95481D585C44009B5817 /* ViewController.m */,
				77CF954A1D585C44009B5817 /* Main.storyboard */,
				77CF954D1D585C44009B5817 /* Assets.xcassets */,
				77CF954F1D585C44009B5817 /* LaunchScreen.storyboard */,
				77CF95521D585C44009B5817 /* Info.plist */,
				77CF95411D585C44009B5817 /* Supporting Files */,
			);
			path = TestOCiOS;
			sourceTree = "<group>";
		};
		77CF95411D585C44009B5817 /* Supporting Files */ = {
			isa = PBXGroup;
			children = (
				77CF95421D585C44009B5817 /* main.m */,
			);
			name = "Supporting Files";
			sourceTree = "<group>";
		};
/* End PBXGroup section */

/* Begin PBXNativeTarget section */
		77CF953D1D585C44009B5817 /* TestOCiOS */ = {
			isa = PBXNativeTarget;
			buildConfigurationList = 77CF95551D585C44009B5817 /* Build configuration list for PBXNativeTarget "TestOCiOS" */;
			buildPhases = (
				77CF953A1D585C44009B5817 /* Sources */,
				77CF953B1D585C44009B5817 /* Frameworks */,
				77CF953C1D585C44009B5817 /* Resources */,
			);
			buildRules = (
			);
			dependencies = (
			);
			name = TestOCiOS;
			productName = TestOCiOS;
			productReference = 77CF953E1D585C44009B5817 /* TestOCiOS.app */;
			productType = "com.apple.product-type.application";
		};
/* End PBXNativeTarget section */

/* Begin PBXProject section */
		77CF95361D585C44009B5817 /* Project object */ = {
			isa = PBXProject;
			attributes = {
				LastUpgradeCheck = 0800;
				ORGANIZATIONNAME = WangQinghai;
				TargetAttributes = {
					77CF953D1D585C44009B5817 = {
						CreatedOnToolsVersion = 8.0;
						DevelopmentTeam = J97FN9Y7WR;
						ProvisioningStyle = Automatic;
					};
				};
			};
			buildConfigurationList = 77CF95391D585C44009B5817 /* Build configuration list for PBXProject "TestOCiOS" */;
			compatibilityVersion = "Xcode 3.2";
			developmentRegion = English;
			hasScannedForEncodings = 0;
			knownRegions = (
				en,
				Base,
			);
			mainGroup = 77CF95351D585C44009B5817;
			productRefGroup = 77CF953F1D585C44009B5817 /* Products */;
			projectDirPath = "";
			projectRoot = "";
			targets = (
				77CF953D1D585C44009B5817 /* TestOCiOS */,
			);
		};
/* End PBXProject section */

/* Begin PBXResourcesBuildPhase section */
		77CF953C1D585C44009B5817 /* Resources */ = {
			isa = PBXResourcesBuildPhase;
			buildActionMask = 2147483647;
			files = (
				77CF95511D585C44009B5817 /* LaunchScreen.storyboard in Resources */,
				77CF954E1D585C44009B5817 /* Assets.xcassets in Resources */,
				77CF954C1D585C44009B5817 /* Main.storyboard in Resources */,
			);
			runOnlyForDeploymentPostprocessing = 0;
		};
/* End PBXResourcesBuildPhase section */

/* Begin PBXSourcesBuildPhase section */
		77CF953A1D585C44009B5817 /* Sources */ = {
			isa = PBXSourcesBuildPhase;
			buildActionMask = 2147483647;
			files = (
				77CF95491D585C44009B5817 /* ViewController.m in Sources */,
				77CF95461D585C44009B5817 /* AppDelegate.m in Sources */,
				77CF95431D585C44009B5817 /* main.m in Sources */,
			);
			runOnlyForDeploymentPostprocessing = 0;
		};
/* End PBXSourcesBuildPhase section */

/* Begin PBXVariantGroup section */
		77CF954A1D585C44009B5817 /* Main.storyboard */ = {
			isa = PBXVariantGroup;
			children = (
				77CF954B1D585C44009B5817 /* Base */,
			);
			name = Main.storyboard;
			sourceTree = "<group>";
		};
		77CF954F1D585C44009B5817 /* LaunchScreen.storyboard */ = {
			isa = PBXVariantGroup;
			children = (
				77CF95501D585C44009B5817 /* Base */,
			);
			name = LaunchScreen.storyboard;
			sourceTree = "<group>";
		};
/* End PBXVariantGroup section */

/* Begin XCBuildConfiguration section */
		77CF95531D585C44009B5817 /* Debug */ = {
			isa = XCBuildConfiguration;
			buildSettings = {
				ALWAYS_SEARCH_USER_PATHS = NO;
				CLANG_ANALYZER_NONNULL = YES;
				CLANG_CXX_LANGUAGE_STANDARD = "gnu++0x";
				CLANG_CXX_LIBRARY = "libc++";
				CLANG_ENABLE_MODULES = YES;
				CLANG_ENABLE_OBJC_ARC = YES;
				CLANG_WARN_BOOL_CONVERSION = YES;
				CLANG_WARN_CONSTANT_CONVERSION = YES;
				CLANG_WARN_DIRECT_OBJC_ISA_USAGE = YES_ERROR;
				CLANG_WARN_DOCUMENTATION_COMMENTS = YES;
				CLANG_WARN_EMPTY_BODY = YES;
				CLANG_WARN_ENUM_CONVERSION = YES;
				CLANG_WARN_INFINITE_RECURSION = YES;
				CLANG_WARN_INT_CONVERSION = YES;
				CLANG_WARN_OBJC_ROOT_CLASS = YES_ERROR;
				CLANG_WARN_SUSPICIOUS_MOVES = YES;
				CLANG_WARN_UNREACHABLE_CODE = YES;
				CLANG_WARN__DUPLICATE_METHOD_MATCH = YES;
				"CODE_SIGN_IDENTITY[sdk=iphoneos*]" = "iPhone Developer";
				COPY_PHASE_STRIP = NO;
				DEBUG_INFORMATION_FORMAT = dwarf;
				ENABLE_STRICT_OBJC_MSGSEND = YES;
				ENABLE_TESTABILITY = YES;
				GCC_C_LANGUAGE_STANDARD = gnu99;
				GCC_DYNAMIC_NO_PIC = NO;
				GCC_NO_COMMON_BLOCKS = YES;
				GCC_OPTIMIZATION_LEVEL = 0;
				GCC_PREPROCESSOR_DEFINITIONS = (
					"DEBUG=1",
					"$(inherited)",
				);
				GCC_WARN_64_TO_32_BIT_CONVERSION = YES;
				GCC_WARN_ABOUT_RETURN_TYPE = YES_ERROR;
				GCC_WARN_UNDECLARED_SELECTOR = YES;
				GCC_WARN_UNINITIALIZED_AUTOS = YES_AGGRESSIVE;
				GCC_WARN_UNUSED_FUNCTION = YES;
				GCC_WARN_UNUSED_VARIABLE = YES;
				IPHONEOS_DEPLOYMENT_TARGET = 10.0;
				MTL_ENABLE_DEBUG_INFO = YES;
				ONLY_ACTIVE_ARCH = YES;
				SDKROOT = iphoneos;
			};
			name = Debug;
		};
		77CF95541D585C44009B5817 /* Release */ = {
			isa = XCBuildConfiguration;
			buildSettings = {
				ALWAYS_SEARCH_USER_PATHS = NO;
				CLANG_ANALYZER_NONNULL = YES;
				CLANG_CXX_LANGUAGE_STANDARD = "gnu++0x";
				CLANG_CXX_LIBRARY = "libc++";
				CLANG_ENABLE_MODULES = YES;
				CLANG_ENABLE_OBJC_ARC = YES;
				CLANG_WARN_BOOL_CONVERSION = YES;
				CLANG_WARN_CONSTANT_CONVERSION = YES;
				CLANG_WARN_DIRECT_OBJC_ISA_USAGE = YES_ERROR;
				CLANG_WARN_DOCUMENTATION_COMMENTS = YES;
				CLANG_WARN_EMPTY_BODY = YES;
				CLANG_WARN_ENUM_CONVERSION = YES;
				CLANG_WARN_INFINITE_RECURSION = YES;
				CLANG_WARN_INT_CONVERSION = YES;
				CLANG_WARN_OBJC_ROOT_CLASS = YES_ERROR;
				CLANG_WARN_SUSPICIOUS_MOVES = YES;
				CLANG_WARN_UNREACHABLE_CODE = YES;
				CLANG_WARN__DUPLICATE_METHOD_MATCH = YES;
				"CODE_SIGN_IDENTITY[sdk=iphoneos*]" = "iPhone Developer";
				COPY_PHASE_STRIP = NO;
				DEBUG_INFORMATION_FORMAT = "dwarf-with-dsym";
				ENABLE_NS_ASSERTIONS = NO;
				ENABLE_STRICT_OBJC_MSGSEND = YES;
				GCC_C_LANGUAGE_STANDARD = gnu99;
				GCC_NO_COMMON_BLOCKS = YES;
				GCC_WARN_64_TO_32_BIT_CONVERSION = YES;
				GCC_WARN_ABOUT_RETURN_TYPE = YES_ERROR;
				GCC_WARN_UNDECLARED_SELECTOR = YES;
				GCC_WARN_UNINITIALIZED_AUTOS = YES_AGGRESSIVE;
				GCC_WARN_UNUSED_FUNCTION = YES;
				GCC_WARN_UNUSED_VARIABLE = YES;
				IPHONEOS_DEPLOYMENT_TARGET = 10.0;
				MTL_ENABLE_DEBUG_INFO = NO;
				SDKROOT = iphoneos;
				VALIDATE_PRODUCT = YES;
			};
			name = Release;
		};
		77CF95561D585C44009B5817 /* Debug */ = {
			isa = XCBuildConfiguration;
			buildSettings = {
				ASSETCATALOG_COMPILER_APPICON_NAME = AppIcon;
				DEVELOPMENT_TEAM = J97FN9Y7WR;
				INFOPLIST_FILE = TestOCiOS/Info.plist;
				LD_RUNPATH_SEARCH_PATHS = "$(inherited) @executable_path/Frameworks";
				PRODUCT_BUNDLE_IDENTIFIER = com.ql.dataPersistence.TestOCiOS;
				PRODUCT_NAME = "$(TARGET_NAME)";
			};
			name = Debug;
		};
		77CF95571D585C44009B5817 /* Release */ = {
			isa = XCBuildConfiguration;
			buildSettings = {
				ASSETCATALOG_COMPILER_APPICON_NAME = AppIcon;
				DEVELOPMENT_TEAM = J97FN9Y7WR;
				INFOPLIST_FILE = TestOCiOS/Info.plist;
				LD_RUNPATH_SEARCH_PATHS = "$(inherited) @executable_path/Frameworks";
				PRODUCT_BUNDLE_IDENTIFIER = com.ql.dataPersistence.TestOCiOS;
				PRODUCT_NAME = "$(TARGET_NAME)";
			};
			name = Release;
		};
/* End XCBuildConfiguration section */

/* Begin XCConfigurationList section */
		77CF95391D585C44009B5817 /* Build configuration list for PBXProject "TestOCiOS" */ = {
			isa = XCConfigurationList;
			buildConfigurations = (
				77CF95531D585C44009B5817 /* Debug */,
				77CF95541D585C44009B5817 /* Release */,
			);
			defaultConfigurationIsVisible = 0;
			defaultConfigurationName = Release;
		};
		77CF95551D585C44009B5817 /* Build configuration list for PBXNativeTarget "TestOCiOS" */ = {
			isa = XCConfigurationList;
			buildConfigurations = (
				77CF95561D585C44009B5817 /* Debug */,
				77CF95571D585C44009B5817 /* Release */,
			);
			defaultConfigurationIsVisible = 0;
		};
/* End XCConfigurationList section */
	};
	rootObject = 77CF95361D585C44009B5817 /* Project object */;
}
