// !$*UTF8*$!
{
	archiveVersion = 1;
	classes = {
	};
	objectVersion = 46;
	objects = {

/* Begin PBXBuildFile section */
		77B4DB1C1D7A968A0041E44E /* AppDelegate.swift in Sources */ = {isa = PBXBuildFile; fileRef = 77B4DB1B1D7A968A0041E44E /* AppDelegate.swift */; };
		77B4DB1E1D7A968A0041E44E /* Assets.xcassets in Resources */ = {isa = PBXBuildFile; fileRef = 77B4DB1D1D7A968A0041E44E /* Assets.xcassets */; };
		77B4DB211D7A968A0041E44E /* MainMenu.xib in Resources */ = {isa = PBXBuildFile; fileRef = 77B4DB1F1D7A968A0041E44E /* MainMenu.xib */; };
		77B4DB2B1D7A969E0041E44E /* SocketIPV6Demo.c in Sources */ = {isa = PBXBuildFile; fileRef = 77B4DB291D7A969E0041E44E /* SocketIPV6Demo.c */; };
/* End PBXBuildFile section */

/* Begin PBXFileReference section */
		77731B601E12B94500903C37 /* SocketDemo.entitlements */ = {isa = PBXFileReference; lastKnownFileType = text.plist.entitlements; path = SocketDemo.entitlements; sourceTree = "<group>"; };
		77B4DB181D7A968A0041E44E /* SocketDemo.app */ = {isa = PBXFileReference; explicitFileType = wrapper.application; includeInIndex = 0; path = SocketDemo.app; sourceTree = BUILT_PRODUCTS_DIR; };
		77B4DB1B1D7A968A0041E44E /* AppDelegate.swift */ = {isa = PBXFileReference; lastKnownFileType = sourcecode.swift; path = AppDelegate.swift; sourceTree = "<group>"; };
		77B4DB1D1D7A968A0041E44E /* Assets.xcassets */ = {isa = PBXFileReference; lastKnownFileType = folder.assetcatalog; path = Assets.xcassets; sourceTree = "<group>"; };
		77B4DB201D7A968A0041E44E /* Base */ = {isa = PBXFileReference; lastKnownFileType = file.xib; name = Base; path = Base.lproj/MainMenu.xib; sourceTree = "<group>"; };
		77B4DB221D7A968A0041E44E /* Info.plist */ = {isa = PBXFileReference; lastKnownFileType = text.plist.xml; path = Info.plist; sourceTree = "<group>"; };
		77B4DB281D7A969E0041E44E /* SocketDemo-Bridging-Header.h */ = {isa = PBXFileReference; lastKnownFileType = sourcecode.c.h; path = "SocketDemo-Bridging-Header.h"; sourceTree = "<group>"; };
		77B4DB291D7A969E0041E44E /* SocketIPV6Demo.c */ = {isa = PBXFileReference; fileEncoding = 4; lastKnownFileType = sourcecode.c.c; path = SocketIPV6Demo.c; sourceTree = "<group>"; };
		77B4DB2A1D7A969E0041E44E /* SocketIPV6Demo.h */ = {isa = PBXFileReference; fileEncoding = 4; lastKnownFileType = sourcecode.c.h; path = SocketIPV6Demo.h; sourceTree = "<group>"; };
/* End PBXFileReference section */

/* Begin PBXFrameworksBuildPhase section */
		77B4DB151D7A968A0041E44E /* Frameworks */ = {
			isa = PBXFrameworksBuildPhase;
			buildActionMask = 2147483647;
			files = (
			);
			runOnlyForDeploymentPostprocessing = 0;
		};
/* End PBXFrameworksBuildPhase section */

/* Begin PBXGroup section */
		77B4DB0F1D7A968A0041E44E = {
			isa = PBXGroup;
			children = (
				77B4DB1A1D7A968A0041E44E /* SocketDemo */,
				77B4DB191D7A968A0041E44E /* Products */,
			);
			sourceTree = "<group>";
		};
		77B4DB191D7A968A0041E44E /* Products */ = {
			isa = PBXGroup;
			children = (
				77B4DB181D7A968A0041E44E /* SocketDemo.app */,
			);
			name = Products;
			sourceTree = "<group>";
		};
		77B4DB1A1D7A968A0041E44E /* SocketDemo */ = {
			isa = PBXGroup;
			children = (
				77731B601E12B94500903C37 /* SocketDemo.entitlements */,
				77B4DB1B1D7A968A0041E44E /* AppDelegate.swift */,
				77B4DB1D1D7A968A0041E44E /* Assets.xcassets */,
				77B4DB1F1D7A968A0041E44E /* MainMenu.xib */,
				77B4DB221D7A968A0041E44E /* Info.plist */,
				77B4DB291D7A969E0041E44E /* SocketIPV6Demo.c */,
				77B4DB2A1D7A969E0041E44E /* SocketIPV6Demo.h */,
				77B4DB281D7A969E0041E44E /* SocketDemo-Bridging-Header.h */,
			);
			path = SocketDemo;
			sourceTree = "<group>";
		};
/* End PBXGroup section */

/* Begin PBXNativeTarget section */
		77B4DB171D7A968A0041E44E /* SocketDemo */ = {
			isa = PBXNativeTarget;
			buildConfigurationList = 77B4DB251D7A968A0041E44E /* Build configuration list for PBXNativeTarget "SocketDemo" */;
			buildPhases = (
				77B4DB141D7A968A0041E44E /* Sources */,
				77B4DB151D7A968A0041E44E /* Frameworks */,
				77B4DB161D7A968A0041E44E /* Resources */,
			);
			buildRules = (
			);
			dependencies = (
			);
			name = SocketDemo;
			productName = SocketDemo;
			productReference = 77B4DB181D7A968A0041E44E /* SocketDemo.app */;
			productType = "com.apple.product-type.application";
		};
/* End PBXNativeTarget section */

/* Begin PBXProject section */
		77B4DB101D7A968A0041E44E /* Project object */ = {
			isa = PBXProject;
			attributes = {
				LastSwiftUpdateCheck = 0730;
				LastUpgradeCheck = 0730;
				ORGANIZATIONNAME = WangQinghai;
				TargetAttributes = {
					77B4DB171D7A968A0041E44E = {
						CreatedOnToolsVersion = 7.3.1;
						LastSwiftMigration = 0820;
						SystemCapabilities = {
							com.apple.Sandbox = {
								enabled = 1;
							};
						};
					};
				};
			};
			buildConfigurationList = 77B4DB131D7A968A0041E44E /* Build configuration list for PBXProject "SocketDemo" */;
			compatibilityVersion = "Xcode 3.2";
			developmentRegion = English;
			hasScannedForEncodings = 0;
			knownRegions = (
				en,
				Base,
			);
			mainGroup = 77B4DB0F1D7A968A0041E44E;
			productRefGroup = 77B4DB191D7A968A0041E44E /* Products */;
			projectDirPath = "";
			projectRoot = "";
			targets = (
				77B4DB171D7A968A0041E44E /* SocketDemo */,
			);
		};
/* End PBXProject section */

/* Begin PBXResourcesBuildPhase section */
		77B4DB161D7A968A0041E44E /* Resources */ = {
			isa = PBXResourcesBuildPhase;
			buildActionMask = 2147483647;
			files = (
				77B4DB1E1D7A968A0041E44E /* Assets.xcassets in Resources */,
				77B4DB211D7A968A0041E44E /* MainMenu.xib in Resources */,
			);
			runOnlyForDeploymentPostprocessing = 0;
		};
/* End PBXResourcesBuildPhase section */

/* Begin PBXSourcesBuildPhase section */
		77B4DB141D7A968A0041E44E /* Sources */ = {
			isa = PBXSourcesBuildPhase;
			buildActionMask = 2147483647;
			files = (
				77B4DB2B1D7A969E0041E44E /* SocketIPV6Demo.c in Sources */,
				77B4DB1C1D7A968A0041E44E /* AppDelegate.swift in Sources */,
			);
			runOnlyForDeploymentPostprocessing = 0;
		};
/* End PBXSourcesBuildPhase section */

/* Begin PBXVariantGroup section */
		77B4DB1F1D7A968A0041E44E /* MainMenu.xib */ = {
			isa = PBXVariantGroup;
			children = (
				77B4DB201D7A968A0041E44E /* Base */,
			);
			name = MainMenu.xib;
			sourceTree = "<group>";
		};
/* End PBXVariantGroup section */

/* Begin XCBuildConfiguration section */
		77B4DB231D7A968A0041E44E /* Debug */ = {
			isa = XCBuildConfiguration;
			buildSettings = {
				ALWAYS_SEARCH_USER_PATHS = NO;
				CLANG_ANALYZER_NONNULL = YES;
				CLANG_CXX_LANGUAGE_STANDARD = "gnu++0x";
				CLANG_CXX_LIBRARY = "libc++";
				CLANG_ENABLE_MODULES = YES;
				CLANG_ENABLE_OBJC_ARC = YES;
				CLANG_WARN_BOOL_CONVERSION = YES;
				CLANG_WARN_CONSTANT_CONVERSION = YES;
				CLANG_WARN_DIRECT_OBJC_ISA_USAGE = YES_ERROR;
				CLANG_WARN_EMPTY_BODY = YES;
				CLANG_WARN_ENUM_CONVERSION = YES;
				CLANG_WARN_INT_CONVERSION = YES;
				CLANG_WARN_OBJC_ROOT_CLASS = YES_ERROR;
				CLANG_WARN_UNREACHABLE_CODE = YES;
				CLANG_WARN__DUPLICATE_METHOD_MATCH = YES;
				CODE_SIGN_IDENTITY = "-";
				COPY_PHASE_STRIP = NO;
				DEBUG_INFORMATION_FORMAT = dwarf;
				ENABLE_STRICT_OBJC_MSGSEND = YES;
				ENABLE_TESTABILITY = YES;
				GCC_C_LANGUAGE_STANDARD = gnu99;
				GCC_DYNAMIC_NO_PIC = NO;
				GCC_NO_COMMON_BLOCKS = YES;
				GCC_OPTIMIZATION_LEVEL = 0;
				GCC_PREPROCESSOR_DEFINITIONS = (
					"DEBUG=1",
					"$(inherited)",
				);
				GCC_WARN_64_TO_32_BIT_CONVERSION = YES;
				GCC_WARN_ABOUT_RETURN_TYPE = YES_ERROR;
				GCC_WARN_UNDECLARED_SELECTOR = YES;
				GCC_WARN_UNINITIALIZED_AUTOS = YES_AGGRESSIVE;
				GCC_WARN_UNUSED_FUNCTION = YES;
				GCC_WARN_UNUSED_VARIABLE = YES;
				MACOSX_DEPLOYMENT_TARGET = 10.11;
				MTL_ENABLE_DEBUG_INFO = YES;
				ONLY_ACTIVE_ARCH = YES;
				SDKROOT = macosx;
				SWIFT_OPTIMIZATION_LEVEL = "-Onone";
			};
			name = Debug;
		};
		77B4DB241D7A968A0041E44E /* Release */ = {
			isa = XCBuildConfiguration;
			buildSettings = {
				ALWAYS_SEARCH_USER_PATHS = NO;
				CLANG_ANALYZER_NONNULL = YES;
				CLANG_CXX_LANGUAGE_STANDARD = "gnu++0x";
				CLANG_CXX_LIBRARY = "libc++";
				CLANG_ENABLE_MODULES = YES;
				CLANG_ENABLE_OBJC_ARC = YES;
				CLANG_WARN_BOOL_CONVERSION = YES;
				CLANG_WARN_CONSTANT_CONVERSION = YES;
				CLANG_WARN_DIRECT_OBJC_ISA_USAGE = YES_ERROR;
				CLANG_WARN_EMPTY_BODY = YES;
				CLANG_WARN_ENUM_CONVERSION = YES;
				CLANG_WARN_INT_CONVERSION = YES;
				CLANG_WARN_OBJC_ROOT_CLASS = YES_ERROR;
				CLANG_WARN_UNREACHABLE_CODE = YES;
				CLANG_WARN__DUPLICATE_METHOD_MATCH = YES;
				CODE_SIGN_IDENTITY = "-";
				COPY_PHASE_STRIP = NO;
				DEBUG_INFORMATION_FORMAT = "dwarf-with-dsym";
				ENABLE_NS_ASSERTIONS = NO;
				ENABLE_STRICT_OBJC_MSGSEND = YES;
				GCC_C_LANGUAGE_STANDARD = gnu99;
				GCC_NO_COMMON_BLOCKS = YES;
				GCC_WARN_64_TO_32_BIT_CONVERSION = YES;
				GCC_WARN_ABOUT_RETURN_TYPE = YES_ERROR;
				GCC_WARN_UNDECLARED_SELECTOR = YES;
				GCC_WARN_UNINITIALIZED_AUTOS = YES_AGGRESSIVE;
				GCC_WARN_UNUSED_FUNCTION = YES;
				GCC_WARN_UNUSED_VARIABLE = YES;
				MACOSX_DEPLOYMENT_TARGET = 10.11;
				MTL_ENABLE_DEBUG_INFO = NO;
				SDKROOT = macosx;
			};
			name = Release;
		};
		77B4DB261D7A968A0041E44E /* Debug */ = {
			isa = XCBuildConfiguration;
			buildSettings = {
				ASSETCATALOG_COMPILER_APPICON_NAME = AppIcon;
				CLANG_ENABLE_MODULES = YES;
				CODE_SIGN_ENTITLEMENTS = SocketDemo/SocketDemo.entitlements;
				COMBINE_HIDPI_IMAGES = YES;
				INFOPLIST_FILE = SocketDemo/Info.plist;
				LD_RUNPATH_SEARCH_PATHS = "$(inherited) @executable_path/../Frameworks";
				PRODUCT_BUNDLE_IDENTIFIER = com.ql.dataPersistence.SocketDemo;
				PRODUCT_NAME = "$(TARGET_NAME)";
				SWIFT_OBJC_BRIDGING_HEADER = "SocketDemo/SocketDemo-Bridging-Header.h";
				SWIFT_OPTIMIZATION_LEVEL = "-Onone";
				SWIFT_VERSION = 3.0;
			};
			name = Debug;
		};
		77B4DB271D7A968A0041E44E /* Release */ = {
			isa = XCBuildConfiguration;
			buildSettings = {
				ASSETCATALOG_COMPILER_APPICON_NAME = AppIcon;
				CLANG_ENABLE_MODULES = YES;
				CODE_SIGN_ENTITLEMENTS = SocketDemo/SocketDemo.entitlements;
				COMBINE_HIDPI_IMAGES = YES;
				INFOPLIST_FILE = SocketDemo/Info.plist;
				LD_RUNPATH_SEARCH_PATHS = "$(inherited) @executable_path/../Frameworks";
				PRODUCT_BUNDLE_IDENTIFIER = com.ql.dataPersistence.SocketDemo;
				PRODUCT_NAME = "$(TARGET_NAME)";
				SWIFT_OBJC_BRIDGING_HEADER = "SocketDemo/SocketDemo-Bridging-Header.h";
				SWIFT_VERSION = 3.0;
			};
			name = Release;
		};
/* End XCBuildConfiguration section */

/* Begin XCConfigurationList section */
		77B4DB131D7A968A0041E44E /* Build configuration list for PBXProject "SocketDemo" */ = {
			isa = XCConfigurationList;
			buildConfigurations = (
				77B4DB231D7A968A0041E44E /* Debug */,
				77B4DB241D7A968A0041E44E /* Release */,
			);
			defaultConfigurationIsVisible = 0;
			defaultConfigurationName = Release;
		};
		77B4DB251D7A968A0041E44E /* Build configuration list for PBXNativeTarget "SocketDemo" */ = {
			isa = XCConfigurationList;
			buildConfigurations = (
				77B4DB261D7A968A0041E44E /* Debug */,
				77B4DB271D7A968A0041E44E /* Release */,
			);
			defaultConfigurationIsVisible = 0;
			defaultConfigurationName = Release;
		};
/* End XCConfigurationList section */
	};
	rootObject = 77B4DB101D7A968A0041E44E /* Project object */;
}
